// !$*UTF8*$!
{
	archiveVersion = 1;
	classes = {
	};
	objectVersion = 77;
	objects = {

/* Begin PBXBuildFile section */
		C48978AB2CFE9CD000DEEF7C /* Auth in Frameworks */ = {isa = PBXBuildFile; productRef = C48978AA2CFE9CD000DEEF7C /* Auth */; };
		C48978AD2CFE9CD000DEEF7C /* Functions in Frameworks */ = {isa = PBXBuildFile; productRef = C48978AC2CFE9CD000DEEF7C /* Functions */; };
		C48978AF2CFE9CD000DEEF7C /* PostgREST in Frameworks */ = {isa = PBXBuildFile; productRef = C48978AE2CFE9CD000DEEF7C /* PostgREST */; };
		C48978B12CFE9CD000DEEF7C /* Realtime in Frameworks */ = {isa = PBXBuildFile; productRef = C48978B02CFE9CD000DEEF7C /* Realtime */; };
		C48978B32CFE9CD000DEEF7C /* Storage in Frameworks */ = {isa = PBXBuildFile; productRef = C48978B22CFE9CD000DEEF7C /* Storage */; };
		C48978B52CFE9CD000DEEF7C /* Supabase in Frameworks */ = {isa = PBXBuildFile; productRef = C48978B42CFE9CD000DEEF7C /* Supabase */; };
/* End PBXBuildFile section */

/* Begin PBXFileReference section */
		F7F797842CE30507008364E1 /* Buzzing.app */ = {isa = PBXFileReference; explicitFileType = wrapper.application; includeInIndex = 0; path = Buzzing.app; sourceTree = BUILT_PRODUCTS_DIR; };
/* End PBXFileReference section */

/* Begin PBXFileSystemSynchronizedRootGroup section */
		F7F797862CE30507008364E1 /* Buzzing */ = {
			isa = PBXFileSystemSynchronizedRootGroup;
			path = Buzzing;
			sourceTree = "<group>";
		};
/* End PBXFileSystemSynchronizedRootGroup section */

/* Begin PBXFrameworksBuildPhase section */
		F7F797812CE30507008364E1 /* Frameworks */ = {
			isa = PBXFrameworksBuildPhase;
			buildActionMask = 2147483647;
			files = (
				C48978AF2CFE9CD000DEEF7C /* PostgREST in Frameworks */,
				C48978AD2CFE9CD000DEEF7C /* Functions in Frameworks */,
				C48978B52CFE9CD000DEEF7C /* Supabase in Frameworks */,
				C48978AB2CFE9CD000DEEF7C /* Auth in Frameworks */,
				C48978B32CFE9CD000DEEF7C /* Storage in Frameworks */,
				C48978B12CFE9CD000DEEF7C /* Realtime in Frameworks */,
			);
			runOnlyForDeploymentPostprocessing = 0;
		};
/* End PBXFrameworksBuildPhase section */

/* Begin PBXGroup section */
		F7F7977B2CE30507008364E1 = {
			isa = PBXGroup;
			children = (
				F7F797862CE30507008364E1 /* Buzzing */,
				F7F797852CE30507008364E1 /* Products */,
			);
			sourceTree = "<group>";
		};
		F7F797852CE30507008364E1 /* Products */ = {
			isa = PBXGroup;
			children = (
				F7F797842CE30507008364E1 /* Buzzing.app */,
			);
			name = Products;
			sourceTree = "<group>";
		};
/* End PBXGroup section */

/* Begin PBXNativeTarget section */
		F7F797832CE30507008364E1 /* Buzzing */ = {
			isa = PBXNativeTarget;
			buildConfigurationList = F7F797922CE30509008364E1 /* Build configuration list for PBXNativeTarget "Buzzing" */;
			buildPhases = (
				F7F797802CE30507008364E1 /* Sources */,
				F7F797812CE30507008364E1 /* Frameworks */,
				F7F797822CE30507008364E1 /* Resources */,
			);
			buildRules = (
			);
			dependencies = (
			);
			fileSystemSynchronizedGroups = (
				F7F797862CE30507008364E1 /* Buzzing */,
			);
			name = Buzzing;
			packageProductDependencies = (
				C48978AA2CFE9CD000DEEF7C /* Auth */,
				C48978AC2CFE9CD000DEEF7C /* Functions */,
				C48978AE2CFE9CD000DEEF7C /* PostgREST */,
				C48978B02CFE9CD000DEEF7C /* Realtime */,
				C48978B22CFE9CD000DEEF7C /* Storage */,
				C48978B42CFE9CD000DEEF7C /* Supabase */,
			);
			productName = Buzzing;
			productReference = F7F797842CE30507008364E1 /* Buzzing.app */;
			productType = "com.apple.product-type.application";
		};
/* End PBXNativeTarget section */

/* Begin PBXProject section */
		F7F7977C2CE30507008364E1 /* Project object */ = {
			isa = PBXProject;
			attributes = {
				BuildIndependentTargetsInParallel = 1;
				LastSwiftUpdateCheck = 1610;
				LastUpgradeCheck = 1610;
				TargetAttributes = {
					F7F797832CE30507008364E1 = {
						CreatedOnToolsVersion = 16.1;
					};
				};
			};
			buildConfigurationList = F7F7977F2CE30507008364E1 /* Build configuration list for PBXProject "Buzzing" */;
			developmentRegion = en;
			hasScannedForEncodings = 0;
			knownRegions = (
				en,
				Base,
			);
			mainGroup = F7F7977B2CE30507008364E1;
			minimizedProjectReferenceProxies = 1;
			packageReferences = (
				C48978A92CFE9CD000DEEF7C /* XCRemoteSwiftPackageReference "supabase-swift" */,
			);
			preferredProjectObjectVersion = 77;
			productRefGroup = F7F797852CE30507008364E1 /* Products */;
			projectDirPath = "";
			projectRoot = "";
			targets = (
				F7F797832CE30507008364E1 /* Buzzing */,
			);
		};
/* End PBXProject section */

/* Begin PBXResourcesBuildPhase section */
		F7F797822CE30507008364E1 /* Resources */ = {
			isa = PBXResourcesBuildPhase;
			buildActionMask = 2147483647;
			files = (
			);
			runOnlyForDeploymentPostprocessing = 0;
		};
/* End PBXResourcesBuildPhase section */

/* Begin PBXSourcesBuildPhase section */
		F7F797802CE30507008364E1 /* Sources */ = {
			isa = PBXSourcesBuildPhase;
			buildActionMask = 2147483647;
			files = (
			);
			runOnlyForDeploymentPostprocessing = 0;
		};
/* End PBXSourcesBuildPhase section */

/* Begin XCBuildConfiguration section */
		F7F797902CE30509008364E1 /* Debug */ = {
			isa = XCBuildConfiguration;
			buildSettings = {
				ALWAYS_SEARCH_USER_PATHS = NO;
				ASSETCATALOG_COMPILER_GENERATE_SWIFT_ASSET_SYMBOL_EXTENSIONS = YES;
				CLANG_ANALYZER_NONNULL = YES;
				CLANG_ANALYZER_NUMBER_OBJECT_CONVERSION = YES_AGGRESSIVE;
				CLANG_CXX_LANGUAGE_STANDARD = "gnu++20";
				CLANG_ENABLE_MODULES = YES;
				CLANG_ENABLE_OBJC_ARC = YES;
				CLANG_ENABLE_OBJC_WEAK = YES;
				CLANG_WARN_BLOCK_CAPTURE_AUTORELEASING = YES;
				CLANG_WARN_BOOL_CONVERSION = YES;
				CLANG_WARN_COMMA = YES;
				CLANG_WARN_CONSTANT_CONVERSION = YES;
				CLANG_WARN_DEPRECATED_OBJC_IMPLEMENTATIONS = YES;
				CLANG_WARN_DIRECT_OBJC_ISA_USAGE = YES_ERROR;
				CLANG_WARN_DOCUMENTATION_COMMENTS = YES;
				CLANG_WARN_EMPTY_BODY = YES;
				CLANG_WARN_ENUM_CONVERSION = YES;
				CLANG_WARN_INFINITE_RECURSION = YES;
				CLANG_WARN_INT_CONVERSION = YES;
				CLANG_WARN_NON_LITERAL_NULL_CONVERSION = YES;
				CLANG_WARN_OBJC_IMPLICIT_RETAIN_SELF = YES;
				CLANG_WARN_OBJC_LITERAL_CONVERSION = YES;
				CLANG_WARN_OBJC_ROOT_CLASS = YES_ERROR;
				CLANG_WARN_QUOTED_INCLUDE_IN_FRAMEWORK_HEADER = YES;
				CLANG_WARN_RANGE_LOOP_ANALYSIS = YES;
				CLANG_WARN_STRICT_PROTOTYPES = YES;
				CLANG_WARN_SUSPICIOUS_MOVE = YES;
				CLANG_WARN_UNGUARDED_AVAILABILITY = YES_AGGRESSIVE;
				CLANG_WARN_UNREACHABLE_CODE = YES;
				CLANG_WARN__DUPLICATE_METHOD_MATCH = YES;
				COPY_PHASE_STRIP = NO;
				DEBUG_INFORMATION_FORMAT = dwarf;
				ENABLE_STRICT_OBJC_MSGSEND = YES;
				ENABLE_TESTABILITY = YES;
				ENABLE_USER_SCRIPT_SANDBOXING = YES;
				GCC_C_LANGUAGE_STANDARD = gnu17;
				GCC_DYNAMIC_NO_PIC = NO;
				GCC_NO_COMMON_BLOCKS = YES;
				GCC_OPTIMIZATION_LEVEL = 0;
				GCC_PREPROCESSOR_DEFINITIONS = (
					"DEBUG=1",
					"$(inherited)",
				);
				GCC_WARN_64_TO_32_BIT_CONVERSION = YES;
				GCC_WARN_ABOUT_RETURN_TYPE = YES_ERROR;
				GCC_WARN_UNDECLARED_SELECTOR = YES;
				GCC_WARN_UNINITIALIZED_AUTOS = YES_AGGRESSIVE;
				GCC_WARN_UNUSED_FUNCTION = YES;
				GCC_WARN_UNUSED_VARIABLE = YES;
				IPHONEOS_DEPLOYMENT_TARGET = 18.1;
				LOCALIZATION_PREFERS_STRING_CATALOGS = YES;
				MTL_ENABLE_DEBUG_INFO = INCLUDE_SOURCE;
				MTL_FAST_MATH = YES;
				ONLY_ACTIVE_ARCH = YES;
				SDKROOT = iphoneos;
				SWIFT_ACTIVE_COMPILATION_CONDITIONS = "DEBUG $(inherited)";
				SWIFT_OPTIMIZATION_LEVEL = "-Onone";
			};
			name = Debug;
		};
		F7F797912CE30509008364E1 /* Release */ = {
			isa = XCBuildConfiguration;
			buildSettings = {
				ALWAYS_SEARCH_USER_PATHS = NO;
				ASSETCATALOG_COMPILER_GENERATE_SWIFT_ASSET_SYMBOL_EXTENSIONS = YES;
				CLANG_ANALYZER_NONNULL = YES;
				CLANG_ANALYZER_NUMBER_OBJECT_CONVERSION = YES_AGGRESSIVE;
				CLANG_CXX_LANGUAGE_STANDARD = "gnu++20";
				CLANG_ENABLE_MODULES = YES;
				CLANG_ENABLE_OBJC_ARC = YES;
				CLANG_ENABLE_OBJC_WEAK = YES;
				CLANG_WARN_BLOCK_CAPTURE_AUTORELEASING = YES;
				CLANG_WARN_BOOL_CONVERSION = YES;
				CLANG_WARN_COMMA = YES;
				CLANG_WARN_CONSTANT_CONVERSION = YES;
				CLANG_WARN_DEPRECATED_OBJC_IMPLEMENTATIONS = YES;
				CLANG_WARN_DIRECT_OBJC_ISA_USAGE = YES_ERROR;
				CLANG_WARN_DOCUMENTATION_COMMENTS = YES;
				CLANG_WARN_EMPTY_BODY = YES;
				CLANG_WARN_ENUM_CONVERSION = YES;
				CLANG_WARN_INFINITE_RECURSION = YES;
				CLANG_WARN_INT_CONVERSION = YES;
				CLANG_WARN_NON_LITERAL_NULL_CONVERSION = YES;
				CLANG_WARN_OBJC_IMPLICIT_RETAIN_SELF = YES;
				CLANG_WARN_OBJC_LITERAL_CONVERSION = YES;
				CLANG_WARN_OBJC_ROOT_CLASS = YES_ERROR;
				CLANG_WARN_QUOTED_INCLUDE_IN_FRAMEWORK_HEADER = YES;
				CLANG_WARN_RANGE_LOOP_ANALYSIS = YES;
				CLANG_WARN_STRICT_PROTOTYPES = YES;
				CLANG_WARN_SUSPICIOUS_MOVE = YES;
				CLANG_WARN_UNGUARDED_AVAILABILITY = YES_AGGRESSIVE;
				CLANG_WARN_UNREACHABLE_CODE = YES;
				CLANG_WARN__DUPLICATE_METHOD_MATCH = YES;
				COPY_PHASE_STRIP = NO;
				DEBUG_INFORMATION_FORMAT = "dwarf-with-dsym";
				ENABLE_NS_ASSERTIONS = NO;
				ENABLE_STRICT_OBJC_MSGSEND = YES;
				ENABLE_USER_SCRIPT_SANDBOXING = YES;
				GCC_C_LANGUAGE_STANDARD = gnu17;
				GCC_NO_COMMON_BLOCKS = YES;
				GCC_WARN_64_TO_32_BIT_CONVERSION = YES;
				GCC_WARN_ABOUT_RETURN_TYPE = YES_ERROR;
				GCC_WARN_UNDECLARED_SELECTOR = YES;
				GCC_WARN_UNINITIALIZED_AUTOS = YES_AGGRESSIVE;
				GCC_WARN_UNUSED_FUNCTION = YES;
				GCC_WARN_UNUSED_VARIABLE = YES;
				IPHONEOS_DEPLOYMENT_TARGET = 18.1;
				LOCALIZATION_PREFERS_STRING_CATALOGS = YES;
				MTL_ENABLE_DEBUG_INFO = NO;
				MTL_FAST_MATH = YES;
				SDKROOT = iphoneos;
				SWIFT_COMPILATION_MODE = wholemodule;
				VALIDATE_PRODUCT = YES;
			};
			name = Release;
		};
		F7F797932CE30509008364E1 /* Debug */ = {
			isa = XCBuildConfiguration;
			buildSettings = {
				ASSETCATALOG_COMPILER_APPICON_NAME = AppIcon;
				ASSETCATALOG_COMPILER_GLOBAL_ACCENT_COLOR_NAME = AccentColor;
				CODE_SIGN_STYLE = Automatic;
				CURRENT_PROJECT_VERSION = 1;
				DEVELOPMENT_ASSET_PATHS = "\"Buzzing/Preview Content\"";
				DEVELOPMENT_TEAM = 6A58MX79AF;
				ENABLE_PREVIEWS = YES;
				GENERATE_INFOPLIST_FILE = YES;
				INFOPLIST_KEY_UIApplicationSceneManifest_Generation = YES;
				INFOPLIST_KEY_UIApplicationSupportsIndirectInputEvents = YES;
				INFOPLIST_KEY_UILaunchScreen_Generation = YES;
				INFOPLIST_KEY_UISupportedInterfaceOrientations_iPad = "UIInterfaceOrientationPortrait UIInterfaceOrientationPortraitUpsideDown UIInterfaceOrientationLandscapeLeft UIInterfaceOrientationLandscapeRight";
				INFOPLIST_KEY_UISupportedInterfaceOrientations_iPhone = "UIInterfaceOrientationPortrait UIInterfaceOrientationLandscapeLeft UIInterfaceOrientationLandscapeRight";
				LD_RUNPATH_SEARCH_PATHS = (
					"$(inherited)",
					"@executable_path/Frameworks",
				);
				MARKETING_VERSION = 1.0;
				PRODUCT_BUNDLE_IDENTIFIER = bps2138.Buzzing;
				PRODUCT_NAME = "$(TARGET_NAME)";
				SWIFT_EMIT_LOC_STRINGS = YES;
				SWIFT_VERSION = 5.0;
				TARGETED_DEVICE_FAMILY = "1,2";
			};
			name = Debug;
		};
		F7F797942CE30509008364E1 /* Release */ = {
			isa = XCBuildConfiguration;
			buildSettings = {
				ASSETCATALOG_COMPILER_APPICON_NAME = AppIcon;
				ASSETCATALOG_COMPILER_GLOBAL_ACCENT_COLOR_NAME = AccentColor;
				CODE_SIGN_STYLE = Automatic;
				CURRENT_PROJECT_VERSION = 1;
				DEVELOPMENT_ASSET_PATHS = "\"Buzzing/Preview Content\"";
				DEVELOPMENT_TEAM = 6A58MX79AF;
				ENABLE_PREVIEWS = YES;
				GENERATE_INFOPLIST_FILE = YES;
				INFOPLIST_KEY_UIApplicationSceneManifest_Generation = YES;
				INFOPLIST_KEY_UIApplicationSupportsIndirectInputEvents = YES;
				INFOPLIST_KEY_UILaunchScreen_Generation = YES;
				INFOPLIST_KEY_UISupportedInterfaceOrientations_iPad = "UIInterfaceOrientationPortrait UIInterfaceOrientationPortraitUpsideDown UIInterfaceOrientationLandscapeLeft UIInterfaceOrientationLandscapeRight";
				INFOPLIST_KEY_UISupportedInterfaceOrientations_iPhone = "UIInterfaceOrientationPortrait UIInterfaceOrientationLandscapeLeft UIInterfaceOrientationLandscapeRight";
				LD_RUNPATH_SEARCH_PATHS = (
					"$(inherited)",
					"@executable_path/Frameworks",
				);
				MARKETING_VERSION = 1.0;
				PRODUCT_BUNDLE_IDENTIFIER = bps2138.Buzzing;
				PRODUCT_NAME = "$(TARGET_NAME)";
				SWIFT_EMIT_LOC_STRINGS = YES;
				SWIFT_VERSION = 5.0;
				TARGETED_DEVICE_FAMILY = "1,2";
			};
			name = Release;
		};
/* End XCBuildConfiguration section */

/* Begin XCConfigurationList section */
		F7F7977F2CE30507008364E1 /* Build configuration list for PBXProject "Buzzing" */ = {
			isa = XCConfigurationList;
			buildConfigurations = (
				F7F797902CE30509008364E1 /* Debug */,
				F7F797912CE30509008364E1 /* Release */,
			);
			defaultConfigurationIsVisible = 0;
			defaultConfigurationName = Release;
		};
		F7F797922CE30509008364E1 /* Build configuration list for PBXNativeTarget "Buzzing" */ = {
			isa = XCConfigurationList;
			buildConfigurations = (
				F7F797932CE30509008364E1 /* Debug */,
				F7F797942CE30509008364E1 /* Release */,
			);
			defaultConfigurationIsVisible = 0;
			defaultConfigurationName = Release;
		};
/* End XCConfigurationList section */

/* Begin XCRemoteSwiftPackageReference section */
		C48978A92CFE9CD000DEEF7C /* XCRemoteSwiftPackageReference "supabase-swift" */ = {
			isa = XCRemoteSwiftPackageReference;
			repositoryURL = "https://github.com/supabase/supabase-swift.git";
			requirement = {
				kind = upToNextMajorVersion;
				minimumVersion = 2.5.1;
			};
		};
/* End XCRemoteSwiftPackageReference section */

/* Begin XCSwiftPackageProductDependency section */
		C48978AA2CFE9CD000DEEF7C /* Auth */ = {
			isa = XCSwiftPackageProductDependency;
			package = C48978A92CFE9CD000DEEF7C /* XCRemoteSwiftPackageReference "supabase-swift" */;
			productName = Auth;
		};
		C48978AC2CFE9CD000DEEF7C /* Functions */ = {
			isa = XCSwiftPackageProductDependency;
			package = C48978A92CFE9CD000DEEF7C /* XCRemoteSwiftPackageReference "supabase-swift" */;
			productName = Functions;
		};
		C48978AE2CFE9CD000DEEF7C /* PostgREST */ = {
			isa = XCSwiftPackageProductDependency;
			package = C48978A92CFE9CD000DEEF7C /* XCRemoteSwiftPackageReference "supabase-swift" */;
			productName = PostgREST;
		};
		C48978B02CFE9CD000DEEF7C /* Realtime */ = {
			isa = XCSwiftPackageProductDependency;
			package = C48978A92CFE9CD000DEEF7C /* XCRemoteSwiftPackageReference "supabase-swift" */;
			productName = Realtime;
		};
		C48978B22CFE9CD000DEEF7C /* Storage */ = {
			isa = XCSwiftPackageProductDependency;
			package = C48978A92CFE9CD000DEEF7C /* XCRemoteSwiftPackageReference "supabase-swift" */;
			productName = Storage;
		};
		C48978B42CFE9CD000DEEF7C /* Supabase */ = {
			isa = XCSwiftPackageProductDependency;
			package = C48978A92CFE9CD000DEEF7C /* XCRemoteSwiftPackageReference "supabase-swift" */;
			productName = Supabase;
		};
/* End XCSwiftPackageProductDependency section */
	};
	rootObject = F7F7977C2CE30507008364E1 /* Project object */;
}
